
Microsoft Visual Studio Solution File, Format Version 12.00
# Visual Studio Version 16
VisualStudioVersion = 16.0.32228.343
MinimumVisualStudioVersion = 10.0.40219.1
Project("{8BC9CEB8-8B4A-11D0-8D11-00A0C91BC942}") = "itr_rec_sub", "itr_rec_sub\itr_rec_sub.vcxproj", "{1A24DF1E-67AE-4E80-8C4D-41343D6B5D42}"
EndProject
Global
	GlobalSection(SolutionConfigurationPlatforms) = preSolution
		Debug|x64 = Debug|x64
		Debug|x86 = Debug|x86
		Release|x64 = Release|x64
		Release|x86 = Release|x86
	EndGlobalSection
	GlobalSection(ProjectConfigurationPlatforms) = postSolution
		{1A24DF1E-67AE-4E80-8C4D-41343D6B5D42}.Debug|x64.ActiveCfg = Debug|x64
		{1A24DF1E-67AE-4E80-8C4D-41343D6B5D42}.Debug|x64.Build.0 = Debug|x64
		{1A24DF1E-67AE-4E80-8C4D-41343D6B5D42}.Debug|x86.ActiveCfg = Debug|Win32
		{1A24DF1E-67AE-4E80-8C4D-41343D6B5D42}.Debug|x86.Build.0 = Debug|Win32
		{1A24DF1E-67AE-4E80-8C4D-41343D6B5D42}.Release|x64.ActiveCfg = Release|x64
		{1A24DF1E-67AE-4E80-8C4D-41343D6B5D42}.Release|x64.Build.0 = Release|x64
		{1A24DF1E-67AE-4E80-8C4D-41343D6B5D42}.Release|x86.ActiveCfg = Release|Win32
		{1A24DF1E-67AE-4E80-8C4D-41343D6B5D42}.Release|x86.Build.0 = Release|Win32
	EndGlobalSection
	GlobalSection(SolutionProperties) = preSolution
		HideSolutionNode = FALSE
	EndGlobalSection
	GlobalSection(ExtensibilityGlobals) = postSolution
		SolutionGuid = {B963D452-AEAB-4A78-916E-8B062E24F810}
	EndGlobalSection
EndGlobal
